
Microsoft Visual Studio Solution File, Format Version 12.00
# Visual Studio Version 17
VisualStudioVersion = 17.3.32819.101
MinimumVisualStudioVersion = 10.0.40219.1
Project("{FAE04EC0-301F-11D3-BF4B-00C04F79EFBC}") = "clickergame", "clickergame\clickergame.csproj", "{4C9DF4AC-BA58-41A7-9260-C90A939F065D}"
EndProject
Global
	GlobalSection(SolutionConfigurationPlatforms) = preSolution
		Debug|Any CPU = Debug|Any CPU
		Release|Any CPU = Release|Any CPU
	EndGlobalSection
	GlobalSection(ProjectConfigurationPlatforms) = postSolution
		{4C9DF4AC-BA58-41A7-9260-C90A939F065D}.Debug|Any CPU.ActiveCfg = Debug|Any CPU
		{4C9DF4AC-BA58-41A7-9260-C90A939F065D}.Debug|Any CPU.Build.0 = Debug|Any CPU
		{4C9DF4AC-BA58-41A7-9260-C90A939F065D}.Release|Any CPU.ActiveCfg = Release|Any CPU
		{4C9DF4AC-BA58-41A7-9260-C90A939F065D}.Release|Any CPU.Build.0 = Release|Any CPU
	EndGlobalSection
	GlobalSection(SolutionProperties) = preSolution
		HideSolutionNode = FALSE
	EndGlobalSection
	GlobalSection(ExtensibilityGlobals) = postSolution
		SolutionGuid = {42C8C6BE-B23A-4B53-8471-B3389D6A36FD}
	EndGlobalSection
EndGlobal
